# generated by rye
# use `rye lock` or `rye sync` to update this lockfile
#
# last locked with the following flags:
#   pre: false
#   features: []
#   all-features: false
#   with-sources: false

-e file:.
aiohttp==3.9.3
    # via datasets
    # via fsspec
    # via pyvespa
aioredis==2.0.1
    # via async-caches
aiosignal==1.3.1
    # via aiohttp
annotated-types==0.6.0
    # via pydantic
anyio==4.3.0
    # via httpx
    # via openai
    # via starlette
    # via watchfiles
argparse==1.4.0
    # via gql-schema-codegen
ariadne==0.23.0
    # via govsearch
async-caches==0.3.0
    # via govsearch
async-timeout==4.0.3
    # via aiohttp
    # via aioredis
attrs==23.2.0
    # via aiohttp
    # via pytest
certifi==2024.2.2
    # via httpcore
    # via httpx
    # via requests
cffi==1.16.0
    # via cryptography
charset-normalizer==3.3.2
    # via requests
click==8.1.7
    # via uvicorn
coloredlogs==15.0.1
    # via onnxruntime
    # via optimum
content-size-limit-asgi==0.1.5
    # via govsearch
cryptography==42.0.5
    # via pyvespa
datasets==2.14.4
    # via evaluate
    # via optimum
dill==0.3.7
    # via datasets
    # via evaluate
    # via multiprocess
distro==1.9.0
    # via openai
docker==7.0.0
    # via pyvespa
evaluate==0.4.1
    # via optimum
exceptiongroup==1.2.0
    # via anyio
filelock==3.13.3
    # via huggingface-hub
    # via torch
    # via transformers
flatbuffers==24.3.25
    # via onnxruntime
frozenlist==1.4.1
    # via aiohttp
    # via aiosignal
fsspec==2024.3.1
    # via datasets
    # via evaluate
    # via huggingface-hub
    # via torch
gql-schema-codegen==1.0.1
    # via govsearch
graphql-core==3.2.0
    # via ariadne
    # via gql-schema-codegen
graphqlclient==0.2.4
    # via gql-schema-codegen
h11==0.14.0
    # via httpcore
    # via uvicorn
httpcore==1.0.5
    # via httpx
httptools==0.6.1
    # via uvicorn
httpx==0.27.0
    # via openai
huggingface-hub==0.22.2
    # via datasets
    # via evaluate
    # via optimum
    # via timm
    # via tokenizers
    # via transformers
humanfriendly==10.0
    # via coloredlogs
idna==3.6
    # via anyio
    # via httpx
    # via requests
    # via yarl
iniconfig==2.0.0
    # via pytest
jinja2==3.1.3
    # via pyvespa
    # via torch
markupsafe==2.1.5
    # via jinja2
mpmath==1.3.0
    # via sympy
multidict==6.0.5
    # via aiohttp
    # via yarl
multiprocess==0.70.15
    # via datasets
    # via evaluate
networkx==3.2.1
    # via torch
nodeenv==1.8.0
    # via pyright
numpy==1.26.4
    # via datasets
    # via evaluate
    # via onnx
    # via onnxruntime
    # via optimum
    # via pandas
    # via pyarrow
    # via torchvision
    # via transformers
onnx==1.16.0
    # via govsearch
    # via onnxcli
    # via optimum
onnxcli==0.2.1
    # via govsearch
onnxruntime==1.17.1
    # via govsearch
    # via optimum
openai==1.16.0
    # via govsearch
optimum==1.18.0
    # via govsearch
packaging==24.0
    # via datasets
    # via docker
    # via evaluate
    # via huggingface-hub
    # via onnxruntime
    # via optimum
    # via pytest
    # via transformers
pandas==2.2.1
    # via datasets
    # via evaluate
    # via pyvespa
pillow==10.3.0
    # via torchvision
pluggy==1.4.0
    # via pytest
protobuf==5.26.1
    # via onnx
    # via onnxruntime
    # via optimum
    # via transformers
py==1.11.0
    # via pytest
pyarrow==15.0.2
    # via datasets
pycparser==2.22
    # via cffi
pydantic==2.6.4
    # via govsearch
    # via openai
    # via pydantic-settings
pydantic-core==2.16.3
    # via pydantic
pydantic-settings==2.2.1
    # via govsearch
pyright==1.1.357
    # via govsearch
pytest==7.1.1
    # via gql-schema-codegen
    # via pytest-snapshot
pytest-snapshot==0.8.1
    # via gql-schema-codegen
python-dateutil==2.9.0.post0
    # via pandas
python-dotenv==1.0.1
    # via pydantic-settings
    # via uvicorn
python-json-logger==2.0.7
    # via govsearch
pytz==2024.1
    # via pandas
pyvespa==0.39.0
    # via govsearch
pyyaml==6.0
    # via datasets
    # via gql-schema-codegen
    # via huggingface-hub
    # via timm
    # via transformers
    # via uvicorn
regex==2023.12.25
    # via transformers
requests==2.31.0
    # via datasets
    # via docker
    # via evaluate
    # via huggingface-hub
    # via pyvespa
    # via responses
    # via transformers
responses==0.18.0
    # via evaluate
safetensors==0.4.2
    # via timm
    # via transformers
sentencepiece==0.2.0
    # via transformers
setuptools==69.2.0
    # via nodeenv
six==1.16.0
    # via graphqlclient
    # via python-dateutil
sniffio==1.3.1
    # via anyio
    # via httpx
    # via openai
starlette==0.37.2
    # via ariadne
    # via govsearch
structlog==24.1.0
    # via govsearch
sympy==1.12
    # via onnxruntime
    # via optimum
    # via torch
tenacity==8.2.3
    # via pyvespa
timm==0.9.16
    # via optimum
tokenizers==0.15.2
    # via transformers
tomli==2.0.1
    # via pytest
torch==2.2.2
    # via govsearch
    # via optimum
    # via timm
    # via torchvision
torchvision==0.17.2
    # via timm
tqdm==4.66.2
    # via datasets
    # via evaluate
    # via huggingface-hub
    # via openai
    # via transformers
transformers==4.39.3
    # via govsearch
    # via optimum
typing-extensions==4.10.0
    # via aioredis
    # via anyio
    # via ariadne
    # via huggingface-hub
    # via openai
    # via pydantic
    # via pydantic-core
    # via pyvespa
    # via torch
    # via uvicorn
tzdata==2024.1
    # via pandas
urllib3==2.2.1
    # via docker
    # via requests
    # via responses
uvicorn==0.29.0
    # via govsearch
uvloop==0.19.0
    # via uvicorn
watchfiles==0.21.0
    # via uvicorn
websockets==12.0
    # via govsearch
    # via uvicorn
xxhash==3.4.1
    # via datasets
    # via evaluate
yarl==1.9.4
    # via aiohttp
